
Microsoft Visual Studio Solution File, Format Version 12.00
# Visual Studio Version 16
VisualStudioVersion = 16.0.33328.57
MinimumVisualStudioVersion = 10.0.40219.1
Project("{FAE04EC0-301F-11D3-BF4B-00C04F79EFBC}") = "Osa1", "Osa1\Osa1.csproj", "{B5752CB8-F303-4FB6-81EA-7CC2C8C025BB}"
EndProject
Project("{FAE04EC0-301F-11D3-BF4B-00C04F79EFBC}") = "Osa2", "Osa2\Osa2.csproj", "{3A8D144D-2A7E-4490-9F92-7061432793F3}"
EndProject
Project("{FAE04EC0-301F-11D3-BF4B-00C04F79EFBC}") = "Osa3", "Osa3\Osa3.csproj", "{A73E025E-5F2A-4B4D-83FD-E0814191AAEA}"
EndProject
Project("{FAE04EC0-301F-11D3-BF4B-00C04F79EFBC}") = "Osa4", "Osa4\Osa4.csproj", "{CAA653F5-3274-462C-BC49-DA50790DDAAB}"
EndProject
Global
	GlobalSection(SolutionConfigurationPlatforms) = preSolution
		Debug|Any CPU = Debug|Any CPU
		Release|Any CPU = Release|Any CPU
	EndGlobalSection
	GlobalSection(ProjectConfigurationPlatforms) = postSolution
		{B5752CB8-F303-4FB6-81EA-7CC2C8C025BB}.Debug|Any CPU.ActiveCfg = Debug|Any CPU
		{B5752CB8-F303-4FB6-81EA-7CC2C8C025BB}.Debug|Any CPU.Build.0 = Debug|Any CPU
		{B5752CB8-F303-4FB6-81EA-7CC2C8C025BB}.Release|Any CPU.ActiveCfg = Release|Any CPU
		{B5752CB8-F303-4FB6-81EA-7CC2C8C025BB}.Release|Any CPU.Build.0 = Release|Any CPU
		{3A8D144D-2A7E-4490-9F92-7061432793F3}.Debug|Any CPU.ActiveCfg = Debug|Any CPU
		{3A8D144D-2A7E-4490-9F92-7061432793F3}.Debug|Any CPU.Build.0 = Debug|Any CPU
		{3A8D144D-2A7E-4490-9F92-7061432793F3}.Release|Any CPU.ActiveCfg = Release|Any CPU
		{3A8D144D-2A7E-4490-9F92-7061432793F3}.Release|Any CPU.Build.0 = Release|Any CPU
		{A73E025E-5F2A-4B4D-83FD-E0814191AAEA}.Debug|Any CPU.ActiveCfg = Debug|Any CPU
		{A73E025E-5F2A-4B4D-83FD-E0814191AAEA}.Debug|Any CPU.Build.0 = Debug|Any CPU
		{A73E025E-5F2A-4B4D-83FD-E0814191AAEA}.Release|Any CPU.ActiveCfg = Release|Any CPU
		{A73E025E-5F2A-4B4D-83FD-E0814191AAEA}.Release|Any CPU.Build.0 = Release|Any CPU
		{CAA653F5-3274-462C-BC49-DA50790DDAAB}.Debug|Any CPU.ActiveCfg = Debug|Any CPU
		{CAA653F5-3274-462C-BC49-DA50790DDAAB}.Debug|Any CPU.Build.0 = Debug|Any CPU
		{CAA653F5-3274-462C-BC49-DA50790DDAAB}.Release|Any CPU.ActiveCfg = Release|Any CPU
		{CAA653F5-3274-462C-BC49-DA50790DDAAB}.Release|Any CPU.Build.0 = Release|Any CPU
	EndGlobalSection
	GlobalSection(SolutionProperties) = preSolution
		HideSolutionNode = FALSE
	EndGlobalSection
	GlobalSection(ExtensibilityGlobals) = postSolution
		SolutionGuid = {9E584B37-1F2E-4110-B14C-161B6C37F75D}
	EndGlobalSection
EndGlobal
